
Microsoft Visual Studio Solution File, Format Version 12.00
Project("{FAE04EC0-301F-11D3-BF4B-00C04F79EFBC}") = "ClientGrpcService2", "ClientGrpcService2\ClientGrpcService2.csproj", "{887FB58F-2268-4B14-99AA-B081D8878547}"
EndProject
Global
	GlobalSection(SolutionConfigurationPlatforms) = preSolution
		Debug|Any CPU = Debug|Any CPU
		Release|Any CPU = Release|Any CPU
	EndGlobalSection
	GlobalSection(ProjectConfigurationPlatforms) = postSolution
		{887FB58F-2268-4B14-99AA-B081D8878547}.Debug|Any CPU.ActiveCfg = Debug|Any CPU
		{887FB58F-2268-4B14-99AA-B081D8878547}.Debug|Any CPU.Build.0 = Debug|Any CPU
		{887FB58F-2268-4B14-99AA-B081D8878547}.Release|Any CPU.ActiveCfg = Release|Any CPU
		{887FB58F-2268-4B14-99AA-B081D8878547}.Release|Any CPU.Build.0 = Release|Any CPU
	EndGlobalSection
EndGlobal
